
Microsoft Visual Studio Solution File, Format Version 12.00
# Visual Studio Version 17
VisualStudioVersion = 17.10.34916.146
MinimumVisualStudioVersion = 10.0.40219.1
Project("{FAE04EC0-301F-11D3-BF4B-00C04F79EFBC}") = "ShopHeo.Webapp", "ShopHeo.Webapp\ShopHeo.Webapp.csproj", "{44781761-99C7-4C89-96C7-CAAC3F93B3E7}"
EndProject
Project("{FAE04EC0-301F-11D3-BF4B-00C04F79EFBC}") = "ShopHeo.Data", "ShopHeo.Data\ShopHeo.Data.csproj", "{05BBC97C-B683-4871-A875-40FC2CB1028E}"
EndProject
Project("{FAE04EC0-301F-11D3-BF4B-00C04F79EFBC}") = "ShopHeo.Application", "ShopHeo.Application\ShopHeo.Application.csproj", "{2C5A0E98-E692-4681-B99E-AED097E9A831}"
EndProject
Global
	GlobalSection(SolutionConfigurationPlatforms) = preSolution
		Debug|Any CPU = Debug|Any CPU
		Release|Any CPU = Release|Any CPU
	EndGlobalSection
	GlobalSection(ProjectConfigurationPlatforms) = postSolution
		{44781761-99C7-4C89-96C7-CAAC3F93B3E7}.Debug|Any CPU.ActiveCfg = Debug|Any CPU
		{44781761-99C7-4C89-96C7-CAAC3F93B3E7}.Debug|Any CPU.Build.0 = Debug|Any CPU
		{44781761-99C7-4C89-96C7-CAAC3F93B3E7}.Release|Any CPU.ActiveCfg = Release|Any CPU
		{44781761-99C7-4C89-96C7-CAAC3F93B3E7}.Release|Any CPU.Build.0 = Release|Any CPU
		{05BBC97C-B683-4871-A875-40FC2CB1028E}.Debug|Any CPU.ActiveCfg = Debug|Any CPU
		{05BBC97C-B683-4871-A875-40FC2CB1028E}.Debug|Any CPU.Build.0 = Debug|Any CPU
		{05BBC97C-B683-4871-A875-40FC2CB1028E}.Release|Any CPU.ActiveCfg = Release|Any CPU
		{05BBC97C-B683-4871-A875-40FC2CB1028E}.Release|Any CPU.Build.0 = Release|Any CPU
		{2C5A0E98-E692-4681-B99E-AED097E9A831}.Debug|Any CPU.ActiveCfg = Debug|Any CPU
		{2C5A0E98-E692-4681-B99E-AED097E9A831}.Debug|Any CPU.Build.0 = Debug|Any CPU
		{2C5A0E98-E692-4681-B99E-AED097E9A831}.Release|Any CPU.ActiveCfg = Release|Any CPU
		{2C5A0E98-E692-4681-B99E-AED097E9A831}.Release|Any CPU.Build.0 = Release|Any CPU
	EndGlobalSection
	GlobalSection(SolutionProperties) = preSolution
		HideSolutionNode = FALSE
	EndGlobalSection
	GlobalSection(ExtensibilityGlobals) = postSolution
		SolutionGuid = {0F51ED14-E4EB-4473-B032-F30C16583B1C}
	EndGlobalSection
EndGlobal
